
Microsoft Visual Studio Solution File, Format Version 12.00
# Visual Studio 15
VisualStudioVersion = 15.0.28010.2050
MinimumVisualStudioVersion = 10.0.40219.1
Project("{2150E333-8FDC-42A3-9474-1A3956D46DE8}") = "Application", "Application", "{E8C92BF1-2E59-4286-970A-DA1ECEFA9EDC}"
EndProject
Project("{2150E333-8FDC-42A3-9474-1A3956D46DE8}") = "Business", "Business", "{3BDDBC37-6257-40E1-AAC1-2EB72D563E64}"
EndProject
Project("{2150E333-8FDC-42A3-9474-1A3956D46DE8}") = "Clients", "Clients", "{F1D35B70-0E76-46F4-B76F-721F92E1C3D7}"
EndProject
Project("{2150E333-8FDC-42A3-9474-1A3956D46DE8}") = "Data", "Data", "{239B1754-BCC5-4AB0-A837-A90C898D5258}"
EndProject
Project("{FAE04EC0-301F-11D3-BF4B-00C04F79EFBC}") = "Clients.Web", "Application\Clients.Web\Clients.Web.csproj", "{001499B2-901C-4F03-96B7-A9AE399D1E4B}"
EndProject
Project("{FAE04EC0-301F-11D3-BF4B-00C04F79EFBC}") = "Data", "Application\Data\Data.csproj", "{B026F459-929C-4B25-90A5-458A1E2C6C50}"
EndProject
Project("{FAE04EC0-301F-11D3-BF4B-00C04F79EFBC}") = "Business.Security.Entities", "Application\Business.Security.Entities\Business.Security.Entities.csproj", "{EF989558-019C-4B3E-988A-723DF038C682}"
EndProject
Project("{FAE04EC0-301F-11D3-BF4B-00C04F79EFBC}") = "Business.Security.Repositories", "Application\Business.Security.Repositories\Business.Security.Repositories.csproj", "{7167FDCF-0469-41C8-B2B9-17847B907EB9}"
EndProject
Project("{FAE04EC0-301F-11D3-BF4B-00C04F79EFBC}") = "Business.Security", "Application\Business.Security\Business.Security.csproj", "{068CAC68-6989-45AE-8D59-BD8F71C51732}"
EndProject
Project("{FAE04EC0-301F-11D3-BF4B-00C04F79EFBC}") = "Business.Infrastructure", "Application\Business.Infrastructure\Business.Infrastructure.csproj", "{2940D7BB-DE6F-4CDE-BF99-3703FC13BE0B}"
EndProject
Project("{FAE04EC0-301F-11D3-BF4B-00C04F79EFBC}") = "Business.Infrastructure.Entities", "Application\Business.Infrastructure.Entities\Business.Infrastructure.Entities.csproj", "{405D3572-924F-4E1D-BC5A-23E3CB08979C}"
EndProject
Project("{FAE04EC0-301F-11D3-BF4B-00C04F79EFBC}") = "Business.Infrastructure.Repositories", "Application\Business.Infrastructure.Repositories\Business.Infrastructure.Repositories.csproj", "{B94923C7-E660-4C7C-A253-263934C14855}"
EndProject
Project("{FAE04EC0-301F-11D3-BF4B-00C04F79EFBC}") = "Business.Items", "Application\Business.Items\Business.Items.csproj", "{AB1D79DE-7479-4D22-AA53-004A2F620D4A}"
EndProject
Project("{FAE04EC0-301F-11D3-BF4B-00C04F79EFBC}") = "Business.Items.Entities", "Application\Business.Items.Entities\Business.Items.Entities.csproj", "{FB75E380-4263-4044-BEDD-0005AC3E5B28}"
EndProject
Project("{FAE04EC0-301F-11D3-BF4B-00C04F79EFBC}") = "Business.Items.Repositories", "Application\Business.Items.Repositories\Business.Items.Repositories.csproj", "{1A9E4472-9ED7-4217-BA41-1DEF5542F307}"
EndProject
Project("{FAE04EC0-301F-11D3-BF4B-00C04F79EFBC}") = "Business.AddressBook", "Application\Business.AddressBook\Business.AddressBook.csproj", "{047D571F-B98D-4158-BE45-C0332092B61C}"
EndProject
Project("{FAE04EC0-301F-11D3-BF4B-00C04F79EFBC}") = "Business.AddressBook.Entities", "Application\Business.AddressBook.Entities\Business.AddressBook.Entities.csproj", "{59AB02CB-08DD-4872-BEDF-A5652DF31E0B}"
EndProject
Project("{FAE04EC0-301F-11D3-BF4B-00C04F79EFBC}") = "Business.Common", "Application\Business.Common\Business.Common.csproj", "{83D46426-D510-4BA1-A208-C1F3FE3196E3}"
EndProject
Project("{FAE04EC0-301F-11D3-BF4B-00C04F79EFBC}") = "Business.Common.Entities", "Application\Business.Common.Entities\Business.Common.Entities.csproj", "{6C5F9043-71DF-425A-A914-6813FA169163}"
EndProject
Project("{FAE04EC0-301F-11D3-BF4B-00C04F79EFBC}") = "Business.Common.Repositories", "Application\Business.Common.Repositories\Business.Common.Repositories.csproj", "{72D1A052-3FAF-4A5A-8B83-5651BED79F57}"
EndProject
Project("{FAE04EC0-301F-11D3-BF4B-00C04F79EFBC}") = "Business.AddressBook.Repositories", "Application\Business.AddressBook.Repositories\Business.AddressBook.Repositories.csproj", "{3CCC06C7-D5A7-41B7-8200-EC40397B96D5}"
EndProject
Project("{FAE04EC0-301F-11D3-BF4B-00C04F79EFBC}") = "Data.Security", "Application\Data.Security\Data.Security.csproj", "{983AE7AD-C333-461B-B650-B47C7B26B2FC}"
EndProject
Global
	GlobalSection(SolutionConfigurationPlatforms) = preSolution
		Debug|Any CPU = Debug|Any CPU
		Release|Any CPU = Release|Any CPU
	EndGlobalSection
	GlobalSection(ProjectConfigurationPlatforms) = postSolution
		{001499B2-901C-4F03-96B7-A9AE399D1E4B}.Debug|Any CPU.ActiveCfg = Debug|Any CPU
		{001499B2-901C-4F03-96B7-A9AE399D1E4B}.Debug|Any CPU.Build.0 = Debug|Any CPU
		{001499B2-901C-4F03-96B7-A9AE399D1E4B}.Release|Any CPU.ActiveCfg = Release|Any CPU
		{001499B2-901C-4F03-96B7-A9AE399D1E4B}.Release|Any CPU.Build.0 = Release|Any CPU
		{B026F459-929C-4B25-90A5-458A1E2C6C50}.Debug|Any CPU.ActiveCfg = Debug|Any CPU
		{B026F459-929C-4B25-90A5-458A1E2C6C50}.Debug|Any CPU.Build.0 = Debug|Any CPU
		{B026F459-929C-4B25-90A5-458A1E2C6C50}.Release|Any CPU.ActiveCfg = Release|Any CPU
		{B026F459-929C-4B25-90A5-458A1E2C6C50}.Release|Any CPU.Build.0 = Release|Any CPU
		{EF989558-019C-4B3E-988A-723DF038C682}.Debug|Any CPU.ActiveCfg = Debug|Any CPU
		{EF989558-019C-4B3E-988A-723DF038C682}.Debug|Any CPU.Build.0 = Debug|Any CPU
		{EF989558-019C-4B3E-988A-723DF038C682}.Release|Any CPU.ActiveCfg = Release|Any CPU
		{EF989558-019C-4B3E-988A-723DF038C682}.Release|Any CPU.Build.0 = Release|Any CPU
		{7167FDCF-0469-41C8-B2B9-17847B907EB9}.Debug|Any CPU.ActiveCfg = Debug|Any CPU
		{7167FDCF-0469-41C8-B2B9-17847B907EB9}.Debug|Any CPU.Build.0 = Debug|Any CPU
		{7167FDCF-0469-41C8-B2B9-17847B907EB9}.Release|Any CPU.ActiveCfg = Release|Any CPU
		{7167FDCF-0469-41C8-B2B9-17847B907EB9}.Release|Any CPU.Build.0 = Release|Any CPU
		{068CAC68-6989-45AE-8D59-BD8F71C51732}.Debug|Any CPU.ActiveCfg = Debug|Any CPU
		{068CAC68-6989-45AE-8D59-BD8F71C51732}.Debug|Any CPU.Build.0 = Debug|Any CPU
		{068CAC68-6989-45AE-8D59-BD8F71C51732}.Release|Any CPU.ActiveCfg = Release|Any CPU
		{068CAC68-6989-45AE-8D59-BD8F71C51732}.Release|Any CPU.Build.0 = Release|Any CPU
		{2940D7BB-DE6F-4CDE-BF99-3703FC13BE0B}.Debug|Any CPU.ActiveCfg = Debug|Any CPU
		{2940D7BB-DE6F-4CDE-BF99-3703FC13BE0B}.Debug|Any CPU.Build.0 = Debug|Any CPU
		{2940D7BB-DE6F-4CDE-BF99-3703FC13BE0B}.Release|Any CPU.ActiveCfg = Release|Any CPU
		{2940D7BB-DE6F-4CDE-BF99-3703FC13BE0B}.Release|Any CPU.Build.0 = Release|Any CPU
		{405D3572-924F-4E1D-BC5A-23E3CB08979C}.Debug|Any CPU.ActiveCfg = Debug|Any CPU
		{405D3572-924F-4E1D-BC5A-23E3CB08979C}.Debug|Any CPU.Build.0 = Debug|Any CPU
		{405D3572-924F-4E1D-BC5A-23E3CB08979C}.Release|Any CPU.ActiveCfg = Release|Any CPU
		{405D3572-924F-4E1D-BC5A-23E3CB08979C}.Release|Any CPU.Build.0 = Release|Any CPU
		{B94923C7-E660-4C7C-A253-263934C14855}.Debug|Any CPU.ActiveCfg = Debug|Any CPU
		{B94923C7-E660-4C7C-A253-263934C14855}.Debug|Any CPU.Build.0 = Debug|Any CPU
		{B94923C7-E660-4C7C-A253-263934C14855}.Release|Any CPU.ActiveCfg = Release|Any CPU
		{B94923C7-E660-4C7C-A253-263934C14855}.Release|Any CPU.Build.0 = Release|Any CPU
		{AB1D79DE-7479-4D22-AA53-004A2F620D4A}.Debug|Any CPU.ActiveCfg = Debug|Any CPU
		{AB1D79DE-7479-4D22-AA53-004A2F620D4A}.Debug|Any CPU.Build.0 = Debug|Any CPU
		{AB1D79DE-7479-4D22-AA53-004A2F620D4A}.Release|Any CPU.ActiveCfg = Release|Any CPU
		{AB1D79DE-7479-4D22-AA53-004A2F620D4A}.Release|Any CPU.Build.0 = Release|Any CPU
		{FB75E380-4263-4044-BEDD-0005AC3E5B28}.Debug|Any CPU.ActiveCfg = Debug|Any CPU
		{FB75E380-4263-4044-BEDD-0005AC3E5B28}.Debug|Any CPU.Build.0 = Debug|Any CPU
		{FB75E380-4263-4044-BEDD-0005AC3E5B28}.Release|Any CPU.ActiveCfg = Release|Any CPU
		{FB75E380-4263-4044-BEDD-0005AC3E5B28}.Release|Any CPU.Build.0 = Release|Any CPU
		{1A9E4472-9ED7-4217-BA41-1DEF5542F307}.Debug|Any CPU.ActiveCfg = Debug|Any CPU
		{1A9E4472-9ED7-4217-BA41-1DEF5542F307}.Debug|Any CPU.Build.0 = Debug|Any CPU
		{1A9E4472-9ED7-4217-BA41-1DEF5542F307}.Release|Any CPU.ActiveCfg = Release|Any CPU
		{1A9E4472-9ED7-4217-BA41-1DEF5542F307}.Release|Any CPU.Build.0 = Release|Any CPU
		{047D571F-B98D-4158-BE45-C0332092B61C}.Debug|Any CPU.ActiveCfg = Debug|Any CPU
		{047D571F-B98D-4158-BE45-C0332092B61C}.Debug|Any CPU.Build.0 = Debug|Any CPU
		{047D571F-B98D-4158-BE45-C0332092B61C}.Release|Any CPU.ActiveCfg = Release|Any CPU
		{047D571F-B98D-4158-BE45-C0332092B61C}.Release|Any CPU.Build.0 = Release|Any CPU
		{59AB02CB-08DD-4872-BEDF-A5652DF31E0B}.Debug|Any CPU.ActiveCfg = Debug|Any CPU
		{59AB02CB-08DD-4872-BEDF-A5652DF31E0B}.Debug|Any CPU.Build.0 = Debug|Any CPU
		{59AB02CB-08DD-4872-BEDF-A5652DF31E0B}.Release|Any CPU.ActiveCfg = Release|Any CPU
		{59AB02CB-08DD-4872-BEDF-A5652DF31E0B}.Release|Any CPU.Build.0 = Release|Any CPU
		{83D46426-D510-4BA1-A208-C1F3FE3196E3}.Debug|Any CPU.ActiveCfg = Debug|Any CPU
		{83D46426-D510-4BA1-A208-C1F3FE3196E3}.Debug|Any CPU.Build.0 = Debug|Any CPU
		{83D46426-D510-4BA1-A208-C1F3FE3196E3}.Release|Any CPU.ActiveCfg = Release|Any CPU
		{83D46426-D510-4BA1-A208-C1F3FE3196E3}.Release|Any CPU.Build.0 = Release|Any CPU
		{6C5F9043-71DF-425A-A914-6813FA169163}.Debug|Any CPU.ActiveCfg = Debug|Any CPU
		{6C5F9043-71DF-425A-A914-6813FA169163}.Debug|Any CPU.Build.0 = Debug|Any CPU
		{6C5F9043-71DF-425A-A914-6813FA169163}.Release|Any CPU.ActiveCfg = Release|Any CPU
		{6C5F9043-71DF-425A-A914-6813FA169163}.Release|Any CPU.Build.0 = Release|Any CPU
		{72D1A052-3FAF-4A5A-8B83-5651BED79F57}.Debug|Any CPU.ActiveCfg = Debug|Any CPU
		{72D1A052-3FAF-4A5A-8B83-5651BED79F57}.Debug|Any CPU.Build.0 = Debug|Any CPU
		{72D1A052-3FAF-4A5A-8B83-5651BED79F57}.Release|Any CPU.ActiveCfg = Release|Any CPU
		{72D1A052-3FAF-4A5A-8B83-5651BED79F57}.Release|Any CPU.Build.0 = Release|Any CPU
		{3CCC06C7-D5A7-41B7-8200-EC40397B96D5}.Debug|Any CPU.ActiveCfg = Debug|Any CPU
		{3CCC06C7-D5A7-41B7-8200-EC40397B96D5}.Debug|Any CPU.Build.0 = Debug|Any CPU
		{3CCC06C7-D5A7-41B7-8200-EC40397B96D5}.Release|Any CPU.ActiveCfg = Release|Any CPU
		{3CCC06C7-D5A7-41B7-8200-EC40397B96D5}.Release|Any CPU.Build.0 = Release|Any CPU
		{983AE7AD-C333-461B-B650-B47C7B26B2FC}.Debug|Any CPU.ActiveCfg = Debug|Any CPU
		{983AE7AD-C333-461B-B650-B47C7B26B2FC}.Debug|Any CPU.Build.0 = Debug|Any CPU
		{983AE7AD-C333-461B-B650-B47C7B26B2FC}.Release|Any CPU.ActiveCfg = Release|Any CPU
		{983AE7AD-C333-461B-B650-B47C7B26B2FC}.Release|Any CPU.Build.0 = Release|Any CPU
	EndGlobalSection
	GlobalSection(SolutionProperties) = preSolution
		HideSolutionNode = FALSE
	EndGlobalSection
	GlobalSection(NestedProjects) = preSolution
		{3BDDBC37-6257-40E1-AAC1-2EB72D563E64} = {E8C92BF1-2E59-4286-970A-DA1ECEFA9EDC}
		{F1D35B70-0E76-46F4-B76F-721F92E1C3D7} = {E8C92BF1-2E59-4286-970A-DA1ECEFA9EDC}
		{239B1754-BCC5-4AB0-A837-A90C898D5258} = {E8C92BF1-2E59-4286-970A-DA1ECEFA9EDC}
		{001499B2-901C-4F03-96B7-A9AE399D1E4B} = {F1D35B70-0E76-46F4-B76F-721F92E1C3D7}
		{B026F459-929C-4B25-90A5-458A1E2C6C50} = {239B1754-BCC5-4AB0-A837-A90C898D5258}
		{EF989558-019C-4B3E-988A-723DF038C682} = {3BDDBC37-6257-40E1-AAC1-2EB72D563E64}
		{7167FDCF-0469-41C8-B2B9-17847B907EB9} = {3BDDBC37-6257-40E1-AAC1-2EB72D563E64}
		{068CAC68-6989-45AE-8D59-BD8F71C51732} = {3BDDBC37-6257-40E1-AAC1-2EB72D563E64}
		{2940D7BB-DE6F-4CDE-BF99-3703FC13BE0B} = {3BDDBC37-6257-40E1-AAC1-2EB72D563E64}
		{405D3572-924F-4E1D-BC5A-23E3CB08979C} = {3BDDBC37-6257-40E1-AAC1-2EB72D563E64}
		{B94923C7-E660-4C7C-A253-263934C14855} = {3BDDBC37-6257-40E1-AAC1-2EB72D563E64}
		{AB1D79DE-7479-4D22-AA53-004A2F620D4A} = {3BDDBC37-6257-40E1-AAC1-2EB72D563E64}
		{FB75E380-4263-4044-BEDD-0005AC3E5B28} = {3BDDBC37-6257-40E1-AAC1-2EB72D563E64}
		{1A9E4472-9ED7-4217-BA41-1DEF5542F307} = {3BDDBC37-6257-40E1-AAC1-2EB72D563E64}
		{047D571F-B98D-4158-BE45-C0332092B61C} = {3BDDBC37-6257-40E1-AAC1-2EB72D563E64}
		{59AB02CB-08DD-4872-BEDF-A5652DF31E0B} = {3BDDBC37-6257-40E1-AAC1-2EB72D563E64}
		{83D46426-D510-4BA1-A208-C1F3FE3196E3} = {3BDDBC37-6257-40E1-AAC1-2EB72D563E64}
		{6C5F9043-71DF-425A-A914-6813FA169163} = {3BDDBC37-6257-40E1-AAC1-2EB72D563E64}
		{72D1A052-3FAF-4A5A-8B83-5651BED79F57} = {3BDDBC37-6257-40E1-AAC1-2EB72D563E64}
		{3CCC06C7-D5A7-41B7-8200-EC40397B96D5} = {3BDDBC37-6257-40E1-AAC1-2EB72D563E64}
		{983AE7AD-C333-461B-B650-B47C7B26B2FC} = {239B1754-BCC5-4AB0-A837-A90C898D5258}
	EndGlobalSection
	GlobalSection(ExtensibilityGlobals) = postSolution
		SolutionGuid = {25700B04-AD3C-41E7-AB64-90D767269A6D}
	EndGlobalSection
EndGlobal
