
Microsoft Visual Studio Solution File, Format Version 12.00
# Visual Studio 15
VisualStudioVersion = 15.0.28010.2050
MinimumVisualStudioVersion = 10.0.40219.1
Project("{2150E333-8FDC-42A3-9474-1A3956D46DE8}") = "Application", "Application", "{E8C92BF1-2E59-4286-970A-DA1ECEFA9EDC}"
EndProject
Project("{2150E333-8FDC-42A3-9474-1A3956D46DE8}") = "Clients", "Clients", "{F1D35B70-0E76-46F4-B76F-721F92E1C3D7}"
EndProject
Project("{2150E333-8FDC-42A3-9474-1A3956D46DE8}") = "Data", "Data", "{239B1754-BCC5-4AB0-A837-A90C898D5258}"
EndProject
Project("{FAE04EC0-301F-11D3-BF4B-00C04F79EFBC}") = "Clients.Web", "Application\Clients.Web\Clients.Web.csproj", "{001499B2-901C-4F03-96B7-A9AE399D1E4B}"
EndProject
Project("{FAE04EC0-301F-11D3-BF4B-00C04F79EFBC}") = "Data", "Application\Data\Data.csproj", "{B026F459-929C-4B25-90A5-458A1E2C6C50}"
EndProject
Project("{FAE04EC0-301F-11D3-BF4B-00C04F79EFBC}") = "Data.Security", "Application\Data.Security\Data.Security.csproj", "{983AE7AD-C333-461B-B650-B47C7B26B2FC}"
EndProject
Project("{FAE04EC0-301F-11D3-BF4B-00C04F79EFBC}") = "Data.AddressBook", "Application\Data.AddressBook\Data.AddressBook.csproj", "{86C635BC-57C6-46AC-9B87-33FBF7DE440F}"
EndProject
Project("{FAE04EC0-301F-11D3-BF4B-00C04F79EFBC}") = "Data.Finances", "Application\Data.Finances\Data.Finances.csproj", "{4F0B8001-09E4-4555-ACA3-12D469066529}"
EndProject
Project("{FAE04EC0-301F-11D3-BF4B-00C04F79EFBC}") = "Data.Items", "Application\Data.Items\Data.Items.csproj", "{E00B7C35-7CCC-4CB9-89D3-E0A8ADAF1C56}"
EndProject
Global
	GlobalSection(SolutionConfigurationPlatforms) = preSolution
		Debug|Any CPU = Debug|Any CPU
		Release|Any CPU = Release|Any CPU
	EndGlobalSection
	GlobalSection(ProjectConfigurationPlatforms) = postSolution
		{001499B2-901C-4F03-96B7-A9AE399D1E4B}.Debug|Any CPU.ActiveCfg = Debug|Any CPU
		{001499B2-901C-4F03-96B7-A9AE399D1E4B}.Debug|Any CPU.Build.0 = Debug|Any CPU
		{001499B2-901C-4F03-96B7-A9AE399D1E4B}.Release|Any CPU.ActiveCfg = Release|Any CPU
		{001499B2-901C-4F03-96B7-A9AE399D1E4B}.Release|Any CPU.Build.0 = Release|Any CPU
		{B026F459-929C-4B25-90A5-458A1E2C6C50}.Debug|Any CPU.ActiveCfg = Debug|Any CPU
		{B026F459-929C-4B25-90A5-458A1E2C6C50}.Debug|Any CPU.Build.0 = Debug|Any CPU
		{B026F459-929C-4B25-90A5-458A1E2C6C50}.Release|Any CPU.ActiveCfg = Release|Any CPU
		{B026F459-929C-4B25-90A5-458A1E2C6C50}.Release|Any CPU.Build.0 = Release|Any CPU
		{983AE7AD-C333-461B-B650-B47C7B26B2FC}.Debug|Any CPU.ActiveCfg = Debug|Any CPU
		{983AE7AD-C333-461B-B650-B47C7B26B2FC}.Debug|Any CPU.Build.0 = Debug|Any CPU
		{983AE7AD-C333-461B-B650-B47C7B26B2FC}.Release|Any CPU.ActiveCfg = Release|Any CPU
		{983AE7AD-C333-461B-B650-B47C7B26B2FC}.Release|Any CPU.Build.0 = Release|Any CPU
		{86C635BC-57C6-46AC-9B87-33FBF7DE440F}.Debug|Any CPU.ActiveCfg = Debug|Any CPU
		{86C635BC-57C6-46AC-9B87-33FBF7DE440F}.Debug|Any CPU.Build.0 = Debug|Any CPU
		{86C635BC-57C6-46AC-9B87-33FBF7DE440F}.Release|Any CPU.ActiveCfg = Release|Any CPU
		{86C635BC-57C6-46AC-9B87-33FBF7DE440F}.Release|Any CPU.Build.0 = Release|Any CPU
		{4F0B8001-09E4-4555-ACA3-12D469066529}.Debug|Any CPU.ActiveCfg = Debug|Any CPU
		{4F0B8001-09E4-4555-ACA3-12D469066529}.Debug|Any CPU.Build.0 = Debug|Any CPU
		{4F0B8001-09E4-4555-ACA3-12D469066529}.Release|Any CPU.ActiveCfg = Release|Any CPU
		{4F0B8001-09E4-4555-ACA3-12D469066529}.Release|Any CPU.Build.0 = Release|Any CPU
		{E00B7C35-7CCC-4CB9-89D3-E0A8ADAF1C56}.Debug|Any CPU.ActiveCfg = Debug|Any CPU
		{E00B7C35-7CCC-4CB9-89D3-E0A8ADAF1C56}.Debug|Any CPU.Build.0 = Debug|Any CPU
		{E00B7C35-7CCC-4CB9-89D3-E0A8ADAF1C56}.Release|Any CPU.ActiveCfg = Release|Any CPU
		{E00B7C35-7CCC-4CB9-89D3-E0A8ADAF1C56}.Release|Any CPU.Build.0 = Release|Any CPU
	EndGlobalSection
	GlobalSection(SolutionProperties) = preSolution
		HideSolutionNode = FALSE
	EndGlobalSection
	GlobalSection(NestedProjects) = preSolution
		{F1D35B70-0E76-46F4-B76F-721F92E1C3D7} = {E8C92BF1-2E59-4286-970A-DA1ECEFA9EDC}
		{239B1754-BCC5-4AB0-A837-A90C898D5258} = {E8C92BF1-2E59-4286-970A-DA1ECEFA9EDC}
		{001499B2-901C-4F03-96B7-A9AE399D1E4B} = {F1D35B70-0E76-46F4-B76F-721F92E1C3D7}
		{B026F459-929C-4B25-90A5-458A1E2C6C50} = {239B1754-BCC5-4AB0-A837-A90C898D5258}
		{983AE7AD-C333-461B-B650-B47C7B26B2FC} = {239B1754-BCC5-4AB0-A837-A90C898D5258}
		{86C635BC-57C6-46AC-9B87-33FBF7DE440F} = {239B1754-BCC5-4AB0-A837-A90C898D5258}
		{4F0B8001-09E4-4555-ACA3-12D469066529} = {239B1754-BCC5-4AB0-A837-A90C898D5258}
		{E00B7C35-7CCC-4CB9-89D3-E0A8ADAF1C56} = {239B1754-BCC5-4AB0-A837-A90C898D5258}
	EndGlobalSection
	GlobalSection(ExtensibilityGlobals) = postSolution
		SolutionGuid = {25700B04-AD3C-41E7-AB64-90D767269A6D}
	EndGlobalSection
EndGlobal
